
Microsoft Visual Studio Solution File, Format Version 12.00
# Visual Studio Version 17
VisualStudioVersion = 17.7.34018.315
MinimumVisualStudioVersion = 10.0.40219.1
Project("{FAE04EC0-301F-11D3-BF4B-00C04F79EFBC}") = "Uppgift 6.6", "Uppgift 6.6\Uppgift 6.6.csproj", "{B2560BC2-0981-4D2C-B1B4-D1BAC5DC4941}"
EndProject
Global
	GlobalSection(SolutionConfigurationPlatforms) = preSolution
		Debug|Any CPU = Debug|Any CPU
		Release|Any CPU = Release|Any CPU
	EndGlobalSection
	GlobalSection(ProjectConfigurationPlatforms) = postSolution
		{B2560BC2-0981-4D2C-B1B4-D1BAC5DC4941}.Debug|Any CPU.ActiveCfg = Debug|Any CPU
		{B2560BC2-0981-4D2C-B1B4-D1BAC5DC4941}.Debug|Any CPU.Build.0 = Debug|Any CPU
		{B2560BC2-0981-4D2C-B1B4-D1BAC5DC4941}.Release|Any CPU.ActiveCfg = Release|Any CPU
		{B2560BC2-0981-4D2C-B1B4-D1BAC5DC4941}.Release|Any CPU.Build.0 = Release|Any CPU
	EndGlobalSection
	GlobalSection(SolutionProperties) = preSolution
		HideSolutionNode = FALSE
	EndGlobalSection
	GlobalSection(ExtensibilityGlobals) = postSolution
		SolutionGuid = {10B19A48-5DB4-40A4-84E8-C7406A044F3F}
	EndGlobalSection
EndGlobal
